# This file is autogenerated, do not edit; changes may be undone by the next 'dep ensure'.


[[projects]]
  name = "github.com/asaskevich/govalidator"
  packages = ["."]
  revision = "521b25f4b05fd26bec69d9dedeb8f9c9a83939a8"
  version = "v8"

[[projects]]
  name = "github.com/google/uuid"
  packages = ["."]
  revision = "064e2069ce9c359c118179501254f67d7d37ba24"
  version = "0.2"

[[projects]]
  name = "github.com/tcnksm/go-httpstat"
  packages = ["."]
  revision = "6962beb23919c3de82c788a87b36f4f901ab514d"

[solve-meta]
  analyzer-name = "dep"
  analyzer-version = 1
  inputs-digest = "6e93d29ae013771943f7659aec9db8b1dbd6c1763ab06ed59e1a9cc088d24485"
  solver-name = "gps-cdcl"
  solver-version = 1
